dependencies:
  idf:
    component_hash: null
    source:
      type: idf
    version: 5.2.2
  lvgl/lvgl:
    component_hash: 948bff879a345149b83065535bbc4a026ce9f47498a22881e432a264b9098015
    source:
      service_url: https://api.components.espressif.com/
      type: service
    version: 8.3.11
manifest_hash: 7767080a3f048f3708226b71aebd54334287b8c00e48d4cdbe49bd333819d7f1
target: esp32s3
version: 1.0.0
