dependencies:
  idf:
    component_hash: null
    source:
      type: idf
    version: 5.2.2
  lvgl__lvgl:
    component_hash: null
    source:
      path: /home/kalpesh/esp/ESP32s3_learning/lcd_lvgl/components/lvgl__lvgl
      type: local
    version: 8.3.11
manifest_hash: dc93b8c6c890697652b15e97639d1196569f348693290a898a180f6eec93aba1
target: esp32s3
version: 1.0.0
